// !$*UTF8*$!
{
	archiveVersion = 1;
	classes = {
	};
	objectVersion = 48;
	objects = {

/* Begin PBXBuildFile section */
		E81BF6E42086786000AA7E15 /* Alert.m in Sources */ = {isa = PBXBuildFile; fileRef = E81BF6E32086786000AA7E15 /* Alert.m */; };
		E8D9F856208663F2008892F6 /* AppDelegate.m in Sources */ = {isa = PBXBuildFile; fileRef = E8D9F855208663F2008892F6 /* AppDelegate.m */; };
		E8D9F859208663F2008892F6 /* ViewController.m in Sources */ = {isa = PBXBuildFile; fileRef = E8D9F858208663F2008892F6 /* ViewController.m */; };
		E8D9F85C208663F2008892F6 /* Main.storyboard in Resources */ = {isa = PBXBuildFile; fileRef = E8D9F85A208663F2008892F6 /* Main.storyboard */; };
		E8D9F85E208663F3008892F6 /* Assets.xcassets in Resources */ = {isa = PBXBuildFile; fileRef = E8D9F85D208663F3008892F6 /* Assets.xcassets */; };
		E8D9F861208663F3008892F6 /* LaunchScreen.storyboard in Resources */ = {isa = PBXBuildFile; fileRef = E8D9F85F208663F3008892F6 /* LaunchScreen.storyboard */; };
		E8D9F864208663F3008892F6 /* main.m in Sources */ = {isa = PBXBuildFile; fileRef = E8D9F863208663F3008892F6 /* main.m */; };
		E8D9F87B208667A0008892F6 /* STNotificationFactory+YourCustomNotifications.m in Sources */ = {isa = PBXBuildFile; fileRef = E8D9F87A208667A0008892F6 /* STNotificationFactory+YourCustomNotifications.m */; };
		E8D9F887208671A5008892F6 /* Payload.m in Sources */ = {isa = PBXBuildFile; fileRef = E8D9F886208671A5008892F6 /* Payload.m */; };
		E8D9F88820867669008892F6 /* STNotifications.framework in Frameworks */ = {isa = PBXBuildFile; fileRef = E8D9F871208665C6008892F6 /* STNotifications.framework */; };
		E8D9F88B20867818008892F6 /* AlertNotificationFactory.m in Sources */ = {isa = PBXBuildFile; fileRef = E8D9F88A20867818008892F6 /* AlertNotificationFactory.m */; };
/* End PBXBuildFile section */

/* Begin PBXFileReference section */
		E81BF6E22086786000AA7E15 /* Alert.h */ = {isa = PBXFileReference; lastKnownFileType = sourcecode.c.h; path = Alert.h; sourceTree = "<group>"; };
		E81BF6E32086786000AA7E15 /* Alert.m */ = {isa = PBXFileReference; lastKnownFileType = sourcecode.c.objc; path = Alert.m; sourceTree = "<group>"; };
		E8D9F851208663F2008892F6 /* STNotifications-Example.app */ = {isa = PBXFileReference; explicitFileType = wrapper.application; includeInIndex = 0; path = "STNotifications-Example.app"; sourceTree = BUILT_PRODUCTS_DIR; };
		E8D9F854208663F2008892F6 /* AppDelegate.h */ = {isa = PBXFileReference; lastKnownFileType = sourcecode.c.h; path = AppDelegate.h; sourceTree = "<group>"; };
		E8D9F855208663F2008892F6 /* AppDelegate.m */ = {isa = PBXFileReference; lastKnownFileType = sourcecode.c.objc; path = AppDelegate.m; sourceTree = "<group>"; };
		E8D9F857208663F2008892F6 /* ViewController.h */ = {isa = PBXFileReference; lastKnownFileType = sourcecode.c.h; path = ViewController.h; sourceTree = "<group>"; };
		E8D9F858208663F2008892F6 /* ViewController.m */ = {isa = PBXFileReference; lastKnownFileType = sourcecode.c.objc; path = ViewController.m; sourceTree = "<group>"; };
		E8D9F85B208663F2008892F6 /* Base */ = {isa = PBXFileReference; lastKnownFileType = file.storyboard; name = Base; path = Base.lproj/Main.storyboard; sourceTree = "<group>"; };
		E8D9F85D208663F3008892F6 /* Assets.xcassets */ = {isa = PBXFileReference; lastKnownFileType = folder.assetcatalog; path = Assets.xcassets; sourceTree = "<group>"; };
		E8D9F860208663F3008892F6 /* Base */ = {isa = PBXFileReference; lastKnownFileType = file.storyboard; name = Base; path = Base.lproj/LaunchScreen.storyboard; sourceTree = "<group>"; };
		E8D9F862208663F3008892F6 /* Info.plist */ = {isa = PBXFileReference; lastKnownFileType = text.plist.xml; path = Info.plist; sourceTree = "<group>"; };
		E8D9F863208663F3008892F6 /* main.m */ = {isa = PBXFileReference; lastKnownFileType = sourcecode.c.objc; path = main.m; sourceTree = "<group>"; };
		E8D9F871208665C6008892F6 /* STNotifications.framework */ = {isa = PBXFileReference; lastKnownFileType = wrapper.framework; name = STNotifications.framework; path = Carthage/Build/iOS/STNotifications.framework; sourceTree = "<group>"; };
		E8D9F879208667A0008892F6 /* STNotificationFactory+YourCustomNotifications.h */ = {isa = PBXFileReference; fileEncoding = 4; lastKnownFileType = sourcecode.c.h; path = "STNotificationFactory+YourCustomNotifications.h"; sourceTree = "<group>"; };
		E8D9F87A208667A0008892F6 /* STNotificationFactory+YourCustomNotifications.m */ = {isa = PBXFileReference; fileEncoding = 4; lastKnownFileType = sourcecode.c.objc; path = "STNotificationFactory+YourCustomNotifications.m"; sourceTree = "<group>"; };
		E8D9F88120866ECC008892F6 /* STNotifications.framework */ = {isa = PBXFileReference; lastKnownFileType = wrapper.framework; name = STNotifications.framework; path = "DerivedData/Build/Products/Debug-iphonesimulator/STNotifications.framework"; sourceTree = "<group>"; };
		E8D9F885208671A5008892F6 /* Payload.h */ = {isa = PBXFileReference; lastKnownFileType = sourcecode.c.h; path = Payload.h; sourceTree = "<group>"; };
		E8D9F886208671A5008892F6 /* Payload.m */ = {isa = PBXFileReference; lastKnownFileType = sourcecode.c.objc; path = Payload.m; sourceTree = "<group>"; };
		E8D9F88920867817008892F6 /* AlertNotificationFactory.h */ = {isa = PBXFileReference; lastKnownFileType = sourcecode.c.h; path = AlertNotificationFactory.h; sourceTree = "<group>"; };
		E8D9F88A20867818008892F6 /* AlertNotificationFactory.m */ = {isa = PBXFileReference; lastKnownFileType = sourcecode.c.objc; path = AlertNotificationFactory.m; sourceTree = "<group>"; };
/* End PBXFileReference section */

/* Begin PBXFrameworksBuildPhase section */
		E8D9F84E208663F2008892F6 /* Frameworks */ = {
			isa = PBXFrameworksBuildPhase;
			buildActionMask = 2147483647;
			files = (
				E8D9F88820867669008892F6 /* STNotifications.framework in Frameworks */,
			);
			runOnlyForDeploymentPostprocessing = 0;
		};
/* End PBXFrameworksBuildPhase section */

/* Begin PBXGroup section */
		E81BF6E520867A9300AA7E15 /* NotificationFactories */ = {
			isa = PBXGroup;
			children = (
				E8D9F879208667A0008892F6 /* STNotificationFactory+YourCustomNotifications.h */,
				E8D9F87A208667A0008892F6 /* STNotificationFactory+YourCustomNotifications.m */,
				E8D9F88920867817008892F6 /* AlertNotificationFactory.h */,
				E8D9F88A20867818008892F6 /* AlertNotificationFactory.m */,
			);
			path = NotificationFactories;
			sourceTree = "<group>";
		};
		E8D9F848208663F2008892F6 = {
			isa = PBXGroup;
			children = (
				E8D9F853208663F2008892F6 /* STNotifications-Example */,
				E8D9F852208663F2008892F6 /* Products */,
				E8D9F870208665C6008892F6 /* Frameworks */,
			);
			sourceTree = "<group>";
		};
		E8D9F852208663F2008892F6 /* Products */ = {
			isa = PBXGroup;
			children = (
				E8D9F851208663F2008892F6 /* STNotifications-Example.app */,
			);
			name = Products;
			sourceTree = "<group>";
		};
		E8D9F853208663F2008892F6 /* STNotifications-Example */ = {
			isa = PBXGroup;
			children = (
				E81BF6E520867A9300AA7E15 /* NotificationFactories */,
				E8D9F854208663F2008892F6 /* AppDelegate.h */,
				E8D9F855208663F2008892F6 /* AppDelegate.m */,
				E8D9F857208663F2008892F6 /* ViewController.h */,
				E8D9F858208663F2008892F6 /* ViewController.m */,
				E8D9F885208671A5008892F6 /* Payload.h */,
				E8D9F886208671A5008892F6 /* Payload.m */,
				E81BF6E22086786000AA7E15 /* Alert.h */,
				E81BF6E32086786000AA7E15 /* Alert.m */,
				E8D9F85A208663F2008892F6 /* Main.storyboard */,
				E8D9F85D208663F3008892F6 /* Assets.xcassets */,
				E8D9F85F208663F3008892F6 /* LaunchScreen.storyboard */,
				E8D9F862208663F3008892F6 /* Info.plist */,
				E8D9F863208663F3008892F6 /* main.m */,
			);
			path = "STNotifications-Example";
			sourceTree = "<group>";
		};
		E8D9F870208665C6008892F6 /* Frameworks */ = {
			isa = PBXGroup;
			children = (
				E8D9F88120866ECC008892F6 /* STNotifications.framework */,
				E8D9F871208665C6008892F6 /* STNotifications.framework */,
			);
			name = Frameworks;
			sourceTree = "<group>";
		};
/* End PBXGroup section */

/* Begin PBXNativeTarget section */
		E8D9F850208663F2008892F6 /* STNotifications-Example */ = {
			isa = PBXNativeTarget;
			buildConfigurationList = E8D9F867208663F3008892F6 /* Build configuration list for PBXNativeTarget "STNotifications-Example" */;
			buildPhases = (
				E8D9F84D208663F2008892F6 /* Sources */,
				E8D9F84E208663F2008892F6 /* Frameworks */,
				E8D9F84F208663F2008892F6 /* Resources */,
			);
			buildRules = (
			);
			dependencies = (
			);
			name = "STNotifications-Example";
			productName = "STNotifications-Example";
			productReference = E8D9F851208663F2008892F6 /* STNotifications-Example.app */;
			productType = "com.apple.product-type.application";
		};
/* End PBXNativeTarget section */

/* Begin PBXProject section */
		E8D9F849208663F2008892F6 /* Project object */ = {
			isa = PBXProject;
			attributes = {
				LastUpgradeCheck = 0920;
				ORGANIZATIONNAME = "Alexander Kazartsev";
				TargetAttributes = {
					E8D9F850208663F2008892F6 = {
						CreatedOnToolsVersion = 9.2;
						ProvisioningStyle = Manual;
					};
				};
			};
			buildConfigurationList = E8D9F84C208663F2008892F6 /* Build configuration list for PBXProject "STNotifications-Example" */;
			compatibilityVersion = "Xcode 8.0";
			developmentRegion = en;
			hasScannedForEncodings = 0;
			knownRegions = (
				en,
				Base,
			);
			mainGroup = E8D9F848208663F2008892F6;
			productRefGroup = E8D9F852208663F2008892F6 /* Products */;
			projectDirPath = "";
			projectRoot = "";
			targets = (
				E8D9F850208663F2008892F6 /* STNotifications-Example */,
			);
		};
/* End PBXProject section */

/* Begin PBXResourcesBuildPhase section */
		E8D9F84F208663F2008892F6 /* Resources */ = {
			isa = PBXResourcesBuildPhase;
			buildActionMask = 2147483647;
			files = (
				E8D9F861208663F3008892F6 /* LaunchScreen.storyboard in Resources */,
				E8D9F85E208663F3008892F6 /* Assets.xcassets in Resources */,
				E8D9F85C208663F2008892F6 /* Main.storyboard in Resources */,
			);
			runOnlyForDeploymentPostprocessing = 0;
		};
/* End PBXResourcesBuildPhase section */

/* Begin PBXSourcesBuildPhase section */
		E8D9F84D208663F2008892F6 /* Sources */ = {
			isa = PBXSourcesBuildPhase;
			buildActionMask = 2147483647;
			files = (
				E8D9F859208663F2008892F6 /* ViewController.m in Sources */,
				E8D9F864208663F3008892F6 /* main.m in Sources */,
				E8D9F856208663F2008892F6 /* AppDelegate.m in Sources */,
				E8D9F887208671A5008892F6 /* Payload.m in Sources */,
				E81BF6E42086786000AA7E15 /* Alert.m in Sources */,
				E8D9F87B208667A0008892F6 /* STNotificationFactory+YourCustomNotifications.m in Sources */,
				E8D9F88B20867818008892F6 /* AlertNotificationFactory.m in Sources */,
			);
			runOnlyForDeploymentPostprocessing = 0;
		};
/* End PBXSourcesBuildPhase section */

/* Begin PBXVariantGroup section */
		E8D9F85A208663F2008892F6 /* Main.storyboard */ = {
			isa = PBXVariantGroup;
			children = (
				E8D9F85B208663F2008892F6 /* Base */,
			);
			name = Main.storyboard;
			sourceTree = "<group>";
		};
		E8D9F85F208663F3008892F6 /* LaunchScreen.storyboard */ = {
			isa = PBXVariantGroup;
			children = (
				E8D9F860208663F3008892F6 /* Base */,
			);
			name = LaunchScreen.storyboard;
			sourceTree = "<group>";
		};
/* End PBXVariantGroup section */

/* Begin XCBuildConfiguration section */
		E8D9F865208663F3008892F6 /* Debug */ = {
			isa = XCBuildConfiguration;
			buildSettings = {
				ALWAYS_SEARCH_USER_PATHS = NO;
				CLANG_ANALYZER_NONNULL = YES;
				CLANG_ANALYZER_NUMBER_OBJECT_CONVERSION = YES_AGGRESSIVE;
				CLANG_CXX_LANGUAGE_STANDARD = "gnu++14";
				CLANG_CXX_LIBRARY = "libc++";
				CLANG_ENABLE_MODULES = YES;
				CLANG_ENABLE_OBJC_ARC = YES;
				CLANG_WARN_BLOCK_CAPTURE_AUTORELEASING = YES;
				CLANG_WARN_BOOL_CONVERSION = YES;
				CLANG_WARN_COMMA = YES;
				CLANG_WARN_CONSTANT_CONVERSION = YES;
				CLANG_WARN_DIRECT_OBJC_ISA_USAGE = YES_ERROR;
				CLANG_WARN_DOCUMENTATION_COMMENTS = YES;
				CLANG_WARN_EMPTY_BODY = YES;
				CLANG_WARN_ENUM_CONVERSION = YES;
				CLANG_WARN_INFINITE_RECURSION = YES;
				CLANG_WARN_INT_CONVERSION = YES;
				CLANG_WARN_NON_LITERAL_NULL_CONVERSION = YES;
				CLANG_WARN_OBJC_LITERAL_CONVERSION = YES;
				CLANG_WARN_OBJC_ROOT_CLASS = YES_ERROR;
				CLANG_WARN_RANGE_LOOP_ANALYSIS = YES;
				CLANG_WARN_STRICT_PROTOTYPES = YES;
				CLANG_WARN_SUSPICIOUS_MOVE = YES;
				CLANG_WARN_UNGUARDED_AVAILABILITY = YES_AGGRESSIVE;
				CLANG_WARN_UNREACHABLE_CODE = YES;
				CLANG_WARN__DUPLICATE_METHOD_MATCH = YES;
				CODE_SIGN_IDENTITY = "iPhone Developer";
				COPY_PHASE_STRIP = NO;
				DEBUG_INFORMATION_FORMAT = dwarf;
				ENABLE_STRICT_OBJC_MSGSEND = YES;
				ENABLE_TESTABILITY = YES;
				GCC_C_LANGUAGE_STANDARD = gnu11;
				GCC_DYNAMIC_NO_PIC = NO;
				GCC_NO_COMMON_BLOCKS = YES;
				GCC_OPTIMIZATION_LEVEL = 0;
				GCC_PREPROCESSOR_DEFINITIONS = (
					"DEBUG=1",
					"$(inherited)",
				);
				GCC_WARN_64_TO_32_BIT_CONVERSION = YES;
				GCC_WARN_ABOUT_RETURN_TYPE = YES_ERROR;
				GCC_WARN_UNDECLARED_SELECTOR = YES;
				GCC_WARN_UNINITIALIZED_AUTOS = YES_AGGRESSIVE;
				GCC_WARN_UNUSED_FUNCTION = YES;
				GCC_WARN_UNUSED_VARIABLE = YES;
				IPHONEOS_DEPLOYMENT_TARGET = 11.2;
				MTL_ENABLE_DEBUG_INFO = YES;
				ONLY_ACTIVE_ARCH = YES;
				SDKROOT = iphoneos;
			};
			name = Debug;
		};
		E8D9F866208663F3008892F6 /* Release */ = {
			isa = XCBuildConfiguration;
			buildSettings = {
				ALWAYS_SEARCH_USER_PATHS = NO;
				CLANG_ANALYZER_NONNULL = YES;
				CLANG_ANALYZER_NUMBER_OBJECT_CONVERSION = YES_AGGRESSIVE;
				CLANG_CXX_LANGUAGE_STANDARD = "gnu++14";
				CLANG_CXX_LIBRARY = "libc++";
				CLANG_ENABLE_MODULES = YES;
				CLANG_ENABLE_OBJC_ARC = YES;
				CLANG_WARN_BLOCK_CAPTURE_AUTORELEASING = YES;
				CLANG_WARN_BOOL_CONVERSION = YES;
				CLANG_WARN_COMMA = YES;
				CLANG_WARN_CONSTANT_CONVERSION = YES;
				CLANG_WARN_DIRECT_OBJC_ISA_USAGE = YES_ERROR;
				CLANG_WARN_DOCUMENTATION_COMMENTS = YES;
				CLANG_WARN_EMPTY_BODY = YES;
				CLANG_WARN_ENUM_CONVERSION = YES;
				CLANG_WARN_INFINITE_RECURSION = YES;
				CLANG_WARN_INT_CONVERSION = YES;
				CLANG_WARN_NON_LITERAL_NULL_CONVERSION = YES;
				CLANG_WARN_OBJC_LITERAL_CONVERSION = YES;
				CLANG_WARN_OBJC_ROOT_CLASS = YES_ERROR;
				CLANG_WARN_RANGE_LOOP_ANALYSIS = YES;
				CLANG_WARN_STRICT_PROTOTYPES = YES;
				CLANG_WARN_SUSPICIOUS_MOVE = YES;
				CLANG_WARN_UNGUARDED_AVAILABILITY = YES_AGGRESSIVE;
				CLANG_WARN_UNREACHABLE_CODE = YES;
				CLANG_WARN__DUPLICATE_METHOD_MATCH = YES;
				CODE_SIGN_IDENTITY = "iPhone Developer";
				COPY_PHASE_STRIP = NO;
				DEBUG_INFORMATION_FORMAT = "dwarf-with-dsym";
				ENABLE_NS_ASSERTIONS = NO;
				ENABLE_STRICT_OBJC_MSGSEND = YES;
				GCC_C_LANGUAGE_STANDARD = gnu11;
				GCC_NO_COMMON_BLOCKS = YES;
				GCC_WARN_64_TO_32_BIT_CONVERSION = YES;
				GCC_WARN_ABOUT_RETURN_TYPE = YES_ERROR;
				GCC_WARN_UNDECLARED_SELECTOR = YES;
				GCC_WARN_UNINITIALIZED_AUTOS = YES_AGGRESSIVE;
				GCC_WARN_UNUSED_FUNCTION = YES;
				GCC_WARN_UNUSED_VARIABLE = YES;
				IPHONEOS_DEPLOYMENT_TARGET = 11.2;
				MTL_ENABLE_DEBUG_INFO = NO;
				SDKROOT = iphoneos;
				VALIDATE_PRODUCT = YES;
			};
			name = Release;
		};
		E8D9F868208663F3008892F6 /* Debug */ = {
			isa = XCBuildConfiguration;
			buildSettings = {
				ASSETCATALOG_COMPILER_APPICON_NAME = AppIcon;
				CODE_SIGN_STYLE = Manual;
				DEVELOPMENT_TEAM = "";
				FRAMEWORK_SEARCH_PATHS = (
					"$(inherited)",
					"$(PROJECT_DIR)/Carthage/Build/iOS/**",
					"$(PROJECT_DIR)/DerivedData/Build/Products/Debug-iphonesimulator",
					"$(PROJECT_DIR)/Carthage/Build/iOS",
				);
				INFOPLIST_FILE = "STNotifications-Example/Info.plist";
				LD_RUNPATH_SEARCH_PATHS = "$(inherited) @executable_path/Frameworks";
				PRODUCT_BUNDLE_IDENTIFIER = "com.alexsoft.STNotifications-Example";
				PRODUCT_NAME = "$(TARGET_NAME)";
				PROVISIONING_PROFILE_SPECIFIER = "";
				TARGETED_DEVICE_FAMILY = "1,2";
			};
			name = Debug;
		};
		E8D9F869208663F3008892F6 /* Release */ = {
			isa = XCBuildConfiguration;
			buildSettings = {
				ASSETCATALOG_COMPILER_APPICON_NAME = AppIcon;
				CODE_SIGN_STYLE = Manual;
				DEVELOPMENT_TEAM = "";
				FRAMEWORK_SEARCH_PATHS = (
					"$(inherited)",
					"$(PROJECT_DIR)/Carthage/Build/iOS/**",
					"$(PROJECT_DIR)/DerivedData/Build/Products/Debug-iphonesimulator",
					"$(PROJECT_DIR)/Carthage/Build/iOS",
				);
				INFOPLIST_FILE = "STNotifications-Example/Info.plist";
				LD_RUNPATH_SEARCH_PATHS = "$(inherited) @executable_path/Frameworks";
				PRODUCT_BUNDLE_IDENTIFIER = "com.alexsoft.STNotifications-Example";
				PRODUCT_NAME = "$(TARGET_NAME)";
				PROVISIONING_PROFILE_SPECIFIER = "";
				TARGETED_DEVICE_FAMILY = "1,2";
			};
			name = Release;
		};
/* End XCBuildConfiguration section */

/* Begin XCConfigurationList section */
		E8D9F84C208663F2008892F6 /* Build configuration list for PBXProject "STNotifications-Example" */ = {
			isa = XCConfigurationList;
			buildConfigurations = (
				E8D9F865208663F3008892F6 /* Debug */,
				E8D9F866208663F3008892F6 /* Release */,
			);
			defaultConfigurationIsVisible = 0;
			defaultConfigurationName = Release;
		};
		E8D9F867208663F3008892F6 /* Build configuration list for PBXNativeTarget "STNotifications-Example" */ = {
			isa = XCConfigurationList;
			buildConfigurations = (
				E8D9F868208663F3008892F6 /* Debug */,
				E8D9F869208663F3008892F6 /* Release */,
			);
			defaultConfigurationIsVisible = 0;
			defaultConfigurationName = Release;
		};
/* End XCConfigurationList section */
	};
	rootObject = E8D9F849208663F2008892F6 /* Project object */;
}
